
Microsoft Visual Studio Solution File, Format Version 11.00
# Visual Studio 2010
Project("{FAE04EC0-301F-11D3-BF4B-00C04F79EFBC}") = "DomainModel", "DomainModel\DomainModel.csproj", "{314BE537-26AF-426A-B0F0-BF2F6DBC0A18}"
EndProject
Project("{FAE04EC0-301F-11D3-BF4B-00C04F79EFBC}") = "WebUI", "WebUI\WebUI.csproj", "{27359705-83CB-4250-A836-DE123D4C82D9}"
EndProject
Project("{FAE04EC0-301F-11D3-BF4B-00C04F79EFBC}") = "Tests", "Tests\Tests.csproj", "{F42C11D7-93CE-46C7-91E9-D5BB1B01CF66}"
EndProject
Project("{2150E333-8FDC-42A3-9474-1A3956D46DE8}") = "Solution Items", "Solution Items", "{2762C73A-6E6C-48FF-8DB3-9F01106D25A2}"
	ProjectSection(SolutionItems) = preProject
		Local.testsettings = Local.testsettings
		SportStore.vsmdi = SportStore.vsmdi
		TraceAndTestImpact.testsettings = TraceAndTestImpact.testsettings
	EndProjectSection
EndProject
Global
	GlobalSection(TestCaseManagementSettings) = postSolution
		CategoryFile = SportStore.vsmdi
	EndGlobalSection
	GlobalSection(SolutionConfigurationPlatforms) = preSolution
		Debug|Any CPU = Debug|Any CPU
		Release|Any CPU = Release|Any CPU
	EndGlobalSection
	GlobalSection(ProjectConfigurationPlatforms) = postSolution
		{314BE537-26AF-426A-B0F0-BF2F6DBC0A18}.Debug|Any CPU.ActiveCfg = Debug|Any CPU
		{314BE537-26AF-426A-B0F0-BF2F6DBC0A18}.Debug|Any CPU.Build.0 = Debug|Any CPU
		{314BE537-26AF-426A-B0F0-BF2F6DBC0A18}.Release|Any CPU.ActiveCfg = Release|Any CPU
		{314BE537-26AF-426A-B0F0-BF2F6DBC0A18}.Release|Any CPU.Build.0 = Release|Any CPU
		{27359705-83CB-4250-A836-DE123D4C82D9}.Debug|Any CPU.ActiveCfg = Debug|Any CPU
		{27359705-83CB-4250-A836-DE123D4C82D9}.Debug|Any CPU.Build.0 = Debug|Any CPU
		{27359705-83CB-4250-A836-DE123D4C82D9}.Release|Any CPU.ActiveCfg = Release|Any CPU
		{27359705-83CB-4250-A836-DE123D4C82D9}.Release|Any CPU.Build.0 = Release|Any CPU
		{F42C11D7-93CE-46C7-91E9-D5BB1B01CF66}.Debug|Any CPU.ActiveCfg = Debug|Any CPU
		{F42C11D7-93CE-46C7-91E9-D5BB1B01CF66}.Debug|Any CPU.Build.0 = Debug|Any CPU
		{F42C11D7-93CE-46C7-91E9-D5BB1B01CF66}.Release|Any CPU.ActiveCfg = Release|Any CPU
		{F42C11D7-93CE-46C7-91E9-D5BB1B01CF66}.Release|Any CPU.Build.0 = Release|Any CPU
	EndGlobalSection
	GlobalSection(SolutionProperties) = preSolution
		HideSolutionNode = FALSE
	EndGlobalSection
EndGlobal
